
Microsoft Visual Studio Solution File, Format Version 12.00
# Visual Studio 2012
Project("{FAE04EC0-301F-11D3-BF4B-00C04F79EFBC}") = "XF7vikram7", "XF7vikram7\XF7vikram7.csproj", "{A9731E6B-82DB-41D2-8F61-1121C37F9619}"
EndProject
Project("{FAE04EC0-301F-11D3-BF4B-00C04F79EFBC}") = "XF7vikram7.iOS", "iOS\XF7vikram7.iOS.csproj", "{4F0299EC-D76C-4BD9-B8C5-F0700D53DB39}"
EndProject
Project("{FAE04EC0-301F-11D3-BF4B-00C04F79EFBC}") = "XF7vikram7.Droid", "Droid\XF7vikram7.Droid.csproj", "{447EF85E-3A5C-4AE3-821F-B4B73BE66516}"
EndProject
Global
	GlobalSection(SolutionConfigurationPlatforms) = preSolution
		Debug|Any CPU = Debug|Any CPU
		Release|Any CPU = Release|Any CPU
		Debug|iPhoneSimulator = Debug|iPhoneSimulator
		Release|iPhone = Release|iPhone
		Release|iPhoneSimulator = Release|iPhoneSimulator
		Debug|iPhone = Debug|iPhone
	EndGlobalSection
	GlobalSection(ProjectConfigurationPlatforms) = postSolution
		{A9731E6B-82DB-41D2-8F61-1121C37F9619}.Debug|Any CPU.ActiveCfg = Debug|Any CPU
		{A9731E6B-82DB-41D2-8F61-1121C37F9619}.Debug|Any CPU.Build.0 = Debug|Any CPU
		{A9731E6B-82DB-41D2-8F61-1121C37F9619}.Release|Any CPU.ActiveCfg = Release|Any CPU
		{A9731E6B-82DB-41D2-8F61-1121C37F9619}.Release|Any CPU.Build.0 = Release|Any CPU
		{A9731E6B-82DB-41D2-8F61-1121C37F9619}.Debug|iPhoneSimulator.ActiveCfg = Debug|Any CPU
		{A9731E6B-82DB-41D2-8F61-1121C37F9619}.Debug|iPhoneSimulator.Build.0 = Debug|Any CPU
		{A9731E6B-82DB-41D2-8F61-1121C37F9619}.Release|iPhone.ActiveCfg = Release|Any CPU
		{A9731E6B-82DB-41D2-8F61-1121C37F9619}.Release|iPhone.Build.0 = Release|Any CPU
		{A9731E6B-82DB-41D2-8F61-1121C37F9619}.Release|iPhoneSimulator.ActiveCfg = Release|Any CPU
		{A9731E6B-82DB-41D2-8F61-1121C37F9619}.Release|iPhoneSimulator.Build.0 = Release|Any CPU
		{A9731E6B-82DB-41D2-8F61-1121C37F9619}.Debug|iPhone.ActiveCfg = Debug|Any CPU
		{A9731E6B-82DB-41D2-8F61-1121C37F9619}.Debug|iPhone.Build.0 = Debug|Any CPU
		{4F0299EC-D76C-4BD9-B8C5-F0700D53DB39}.Debug|Any CPU.ActiveCfg = Debug|iPhoneSimulator
		{4F0299EC-D76C-4BD9-B8C5-F0700D53DB39}.Debug|Any CPU.Build.0 = Debug|iPhoneSimulator
		{4F0299EC-D76C-4BD9-B8C5-F0700D53DB39}.Release|Any CPU.ActiveCfg = Release|iPhone
		{4F0299EC-D76C-4BD9-B8C5-F0700D53DB39}.Release|Any CPU.Build.0 = Release|iPhone
		{4F0299EC-D76C-4BD9-B8C5-F0700D53DB39}.Debug|iPhoneSimulator.ActiveCfg = Debug|iPhoneSimulator
		{4F0299EC-D76C-4BD9-B8C5-F0700D53DB39}.Debug|iPhoneSimulator.Build.0 = Debug|iPhoneSimulator
		{4F0299EC-D76C-4BD9-B8C5-F0700D53DB39}.Release|iPhone.ActiveCfg = Release|iPhone
		{4F0299EC-D76C-4BD9-B8C5-F0700D53DB39}.Release|iPhone.Build.0 = Release|iPhone
		{4F0299EC-D76C-4BD9-B8C5-F0700D53DB39}.Release|iPhoneSimulator.ActiveCfg = Release|iPhoneSimulator
		{4F0299EC-D76C-4BD9-B8C5-F0700D53DB39}.Release|iPhoneSimulator.Build.0 = Release|iPhoneSimulator
		{4F0299EC-D76C-4BD9-B8C5-F0700D53DB39}.Debug|iPhone.ActiveCfg = Debug|iPhone
		{4F0299EC-D76C-4BD9-B8C5-F0700D53DB39}.Debug|iPhone.Build.0 = Debug|iPhone
		{447EF85E-3A5C-4AE3-821F-B4B73BE66516}.Debug|Any CPU.ActiveCfg = Debug|Any CPU
		{447EF85E-3A5C-4AE3-821F-B4B73BE66516}.Debug|Any CPU.Build.0 = Debug|Any CPU
		{447EF85E-3A5C-4AE3-821F-B4B73BE66516}.Release|Any CPU.ActiveCfg = Release|Any CPU
		{447EF85E-3A5C-4AE3-821F-B4B73BE66516}.Release|Any CPU.Build.0 = Release|Any CPU
		{447EF85E-3A5C-4AE3-821F-B4B73BE66516}.Debug|iPhoneSimulator.ActiveCfg = Debug|Any CPU
		{447EF85E-3A5C-4AE3-821F-B4B73BE66516}.Debug|iPhoneSimulator.Build.0 = Debug|Any CPU
		{447EF85E-3A5C-4AE3-821F-B4B73BE66516}.Release|iPhone.ActiveCfg = Release|Any CPU
		{447EF85E-3A5C-4AE3-821F-B4B73BE66516}.Release|iPhone.Build.0 = Release|Any CPU
		{447EF85E-3A5C-4AE3-821F-B4B73BE66516}.Release|iPhoneSimulator.ActiveCfg = Release|Any CPU
		{447EF85E-3A5C-4AE3-821F-B4B73BE66516}.Release|iPhoneSimulator.Build.0 = Release|Any CPU
		{447EF85E-3A5C-4AE3-821F-B4B73BE66516}.Debug|iPhone.ActiveCfg = Debug|Any CPU
		{447EF85E-3A5C-4AE3-821F-B4B73BE66516}.Debug|iPhone.Build.0 = Debug|Any CPU
	EndGlobalSection
EndGlobal
